
Microsoft Visual Studio Solution File, Format Version 12.00
# Visual Studio Version 16
VisualStudioVersion = 16.0.31911.196
MinimumVisualStudioVersion = 10.0.40219.1
Project("{FAE04EC0-301F-11D3-BF4B-00C04F79EFBC}") = "TestHW03", "TestHW03\TestHW03.csproj", "{80EA3DBD-4634-4C82-86C3-E94A73EDD23C}"
EndProject
Global
	GlobalSection(SolutionConfigurationPlatforms) = preSolution
		Debug|Any CPU = Debug|Any CPU
		Release|Any CPU = Release|Any CPU
	EndGlobalSection
	GlobalSection(ProjectConfigurationPlatforms) = postSolution
		{80EA3DBD-4634-4C82-86C3-E94A73EDD23C}.Debug|Any CPU.ActiveCfg = Debug|Any CPU
		{80EA3DBD-4634-4C82-86C3-E94A73EDD23C}.Debug|Any CPU.Build.0 = Debug|Any CPU
		{80EA3DBD-4634-4C82-86C3-E94A73EDD23C}.Release|Any CPU.ActiveCfg = Release|Any CPU
		{80EA3DBD-4634-4C82-86C3-E94A73EDD23C}.Release|Any CPU.Build.0 = Release|Any CPU
	EndGlobalSection
	GlobalSection(SolutionProperties) = preSolution
		HideSolutionNode = FALSE
	EndGlobalSection
	GlobalSection(ExtensibilityGlobals) = postSolution
		SolutionGuid = {5A3C493F-9EFB-4B40-93C7-A9B7B2C9A965}
	EndGlobalSection
EndGlobal
